
Microsoft Visual Studio Solution File, Format Version 12.00
# Visual Studio Version 16
VisualStudioVersion = 16.0.31424.327
MinimumVisualStudioVersion = 10.0.40219.1
Project("{FAE04EC0-301F-11D3-BF4B-00C04F79EFBC}") = "EFcore_CadastroLivros", "EFcore_CadastroLivros\EFcore_CadastroLivros.csproj", "{68940A23-4B98-469D-80A5-27C671D34B61}"
EndProject
Global
	GlobalSection(SolutionConfigurationPlatforms) = preSolution
		Debug|Any CPU = Debug|Any CPU
		Release|Any CPU = Release|Any CPU
	EndGlobalSection
	GlobalSection(ProjectConfigurationPlatforms) = postSolution
		{68940A23-4B98-469D-80A5-27C671D34B61}.Debug|Any CPU.ActiveCfg = Debug|Any CPU
		{68940A23-4B98-469D-80A5-27C671D34B61}.Debug|Any CPU.Build.0 = Debug|Any CPU
		{68940A23-4B98-469D-80A5-27C671D34B61}.Release|Any CPU.ActiveCfg = Release|Any CPU
		{68940A23-4B98-469D-80A5-27C671D34B61}.Release|Any CPU.Build.0 = Release|Any CPU
	EndGlobalSection
	GlobalSection(SolutionProperties) = preSolution
		HideSolutionNode = FALSE
	EndGlobalSection
	GlobalSection(ExtensibilityGlobals) = postSolution
		SolutionGuid = {B5206DC0-8E25-4519-995D-E3511B3DE5A4}
	EndGlobalSection
EndGlobal
