
Microsoft Visual Studio Solution File, Format Version 12.00
# Visual Studio Version 16
VisualStudioVersion = 16.0.31424.327
MinimumVisualStudioVersion = 10.0.40219.1
Project("{F14B399A-7131-4C87-9E4B-1186C45EF12D}") = "Relatorios", "Relatorios\Relatorios.rptproj", "{451CA3FA-FE1B-4D4A-81AF-94C173C8E03B}"
EndProject
Global
	GlobalSection(SolutionConfigurationPlatforms) = preSolution
		Debug|Default = Debug|Default
		DebugLocal|Default = DebugLocal|Default
		Release|Default = Release|Default
	EndGlobalSection
	GlobalSection(ProjectConfigurationPlatforms) = postSolution
		{451CA3FA-FE1B-4D4A-81AF-94C173C8E03B}.Debug|Default.ActiveCfg = Debug
		{451CA3FA-FE1B-4D4A-81AF-94C173C8E03B}.Debug|Default.Build.0 = Debug
		{451CA3FA-FE1B-4D4A-81AF-94C173C8E03B}.Debug|Default.Deploy.0 = Debug
		{451CA3FA-FE1B-4D4A-81AF-94C173C8E03B}.DebugLocal|Default.ActiveCfg = DebugLocal
		{451CA3FA-FE1B-4D4A-81AF-94C173C8E03B}.DebugLocal|Default.Build.0 = DebugLocal
		{451CA3FA-FE1B-4D4A-81AF-94C173C8E03B}.Release|Default.ActiveCfg = Release
		{451CA3FA-FE1B-4D4A-81AF-94C173C8E03B}.Release|Default.Build.0 = Release
		{451CA3FA-FE1B-4D4A-81AF-94C173C8E03B}.Release|Default.Deploy.0 = Release
	EndGlobalSection
	GlobalSection(SolutionProperties) = preSolution
		HideSolutionNode = FALSE
	EndGlobalSection
	GlobalSection(ExtensibilityGlobals) = postSolution
		SolutionGuid = {99B9B07D-D174-4680-B1ED-0443D6B568D3}
	EndGlobalSection
EndGlobal
